// !$*UTF8*$!
{
	archiveVersion = 1;
	classes = {
	};
	objectVersion = 48;
	objects = {

/* Begin PBXBuildFile section */
		191A4F18A7FF4A888A5400DD /* Pods_PositionsTests.framework in Frameworks */ = {isa = PBXBuildFile; fileRef = 16FAF6C1327CEA307F1123B5 /* Pods_PositionsTests.framework */; };
		6F203864207E19DE00D9D4F6 /* AppDatabase.swift in Sources */ = {isa = PBXBuildFile; fileRef = 6F203863207E19DE00D9D4F6 /* AppDatabase.swift */; };
		6F31D9A720593D0A001A2DD9 /* AppDelegate.swift in Sources */ = {isa = PBXBuildFile; fileRef = 6F31D9A620593D0A001A2DD9 /* AppDelegate.swift */; };
		6F31D9A920593D0A001A2DD9 /* ViewController.swift in Sources */ = {isa = PBXBuildFile; fileRef = 6F31D9A820593D0A001A2DD9 /* ViewController.swift */; };
		6F31D9AC20593D0A001A2DD9 /* Main.storyboard in Resources */ = {isa = PBXBuildFile; fileRef = 6F31D9AA20593D0A001A2DD9 /* Main.storyboard */; };
		6F31D9AE20593D0A001A2DD9 /* Assets.xcassets in Resources */ = {isa = PBXBuildFile; fileRef = 6F31D9AD20593D0A001A2DD9 /* Assets.xcassets */; };
		6F31D9B120593D0A001A2DD9 /* LaunchScreen.storyboard in Resources */ = {isa = PBXBuildFile; fileRef = 6F31D9AF20593D0A001A2DD9 /* LaunchScreen.storyboard */; };
		6F31D9BC20593D0A001A2DD9 /* PositionsTests.swift in Sources */ = {isa = PBXBuildFile; fileRef = 6F31D9BB20593D0A001A2DD9 /* PositionsTests.swift */; };
		6F31D9C720593D0A001A2DD9 /* PositionsUITests.swift in Sources */ = {isa = PBXBuildFile; fileRef = 6F31D9C620593D0A001A2DD9 /* PositionsUITests.swift */; };
		6F49A12F206256A2009FC2BC /* PositionViewController.swift in Sources */ = {isa = PBXBuildFile; fileRef = 6F49A12E206256A2009FC2BC /* PositionViewController.swift */; };
		6FC955A7207DFD1400495AC4 /* PositionsTableViewController.swift in Sources */ = {isa = PBXBuildFile; fileRef = 6FC955A6207DFD1400495AC4 /* PositionsTableViewController.swift */; };
		6FFEF89320596BEE00787AB3 /* Position.swift in Sources */ = {isa = PBXBuildFile; fileRef = 6FFEF89220596BEE00787AB3 /* Position.swift */; };
		9DA17A7B520C3C25C4AC5374 /* Pods_PositionsUITests.framework in Frameworks */ = {isa = PBXBuildFile; fileRef = 5D57329D9544BBDC5813061D /* Pods_PositionsUITests.framework */; };
		CFB4684E2059BC2700FA212D /* PositionViewModel.swift in Sources */ = {isa = PBXBuildFile; fileRef = CFB4684D2059BC2700FA212D /* PositionViewModel.swift */; };
		D986A7D7F84C97D7C8DAD682 /* Pods_Positions.framework in Frameworks */ = {isa = PBXBuildFile; fileRef = 62C3A107FA96F79EBD8CDD62 /* Pods_Positions.framework */; };
/* End PBXBuildFile section */

/* Begin PBXContainerItemProxy section */
		6F31D9B820593D0A001A2DD9 /* PBXContainerItemProxy */ = {
			isa = PBXContainerItemProxy;
			containerPortal = 6F31D99B20593D0A001A2DD9 /* Project object */;
			proxyType = 1;
			remoteGlobalIDString = 6F31D9A220593D0A001A2DD9;
			remoteInfo = Positions;
		};
		6F31D9C320593D0A001A2DD9 /* PBXContainerItemProxy */ = {
			isa = PBXContainerItemProxy;
			containerPortal = 6F31D99B20593D0A001A2DD9 /* Project object */;
			proxyType = 1;
			remoteGlobalIDString = 6F31D9A220593D0A001A2DD9;
			remoteInfo = Positions;
		};
/* End PBXContainerItemProxy section */

/* Begin PBXFileReference section */
		05848FD1D1C5C08DF33FE634 /* Pods-Positions.release.xcconfig */ = {isa = PBXFileReference; includeInIndex = 1; lastKnownFileType = text.xcconfig; name = "Pods-Positions.release.xcconfig"; path = "Pods/Target Support Files/Pods-Positions/Pods-Positions.release.xcconfig"; sourceTree = "<group>"; };
		16FAF6C1327CEA307F1123B5 /* Pods_PositionsTests.framework */ = {isa = PBXFileReference; explicitFileType = wrapper.framework; includeInIndex = 0; path = Pods_PositionsTests.framework; sourceTree = BUILT_PRODUCTS_DIR; };
		445E1E86707C126B8A4E52EF /* Pods-PositionsTests.debug.xcconfig */ = {isa = PBXFileReference; includeInIndex = 1; lastKnownFileType = text.xcconfig; name = "Pods-PositionsTests.debug.xcconfig"; path = "Pods/Target Support Files/Pods-PositionsTests/Pods-PositionsTests.debug.xcconfig"; sourceTree = "<group>"; };
		5D57329D9544BBDC5813061D /* Pods_PositionsUITests.framework */ = {isa = PBXFileReference; explicitFileType = wrapper.framework; includeInIndex = 0; path = Pods_PositionsUITests.framework; sourceTree = BUILT_PRODUCTS_DIR; };
		5EF1F6F0C508C87F05CFD1C6 /* Pods-PositionsUITests.release.xcconfig */ = {isa = PBXFileReference; includeInIndex = 1; lastKnownFileType = text.xcconfig; name = "Pods-PositionsUITests.release.xcconfig"; path = "Pods/Target Support Files/Pods-PositionsUITests/Pods-PositionsUITests.release.xcconfig"; sourceTree = "<group>"; };
		62C3A107FA96F79EBD8CDD62 /* Pods_Positions.framework */ = {isa = PBXFileReference; explicitFileType = wrapper.framework; includeInIndex = 0; path = Pods_Positions.framework; sourceTree = BUILT_PRODUCTS_DIR; };
		6F203863207E19DE00D9D4F6 /* AppDatabase.swift */ = {isa = PBXFileReference; lastKnownFileType = sourcecode.swift; path = AppDatabase.swift; sourceTree = "<group>"; };
		6F31D9A320593D0A001A2DD9 /* Positions.app */ = {isa = PBXFileReference; explicitFileType = wrapper.application; includeInIndex = 0; path = Positions.app; sourceTree = BUILT_PRODUCTS_DIR; };
		6F31D9A620593D0A001A2DD9 /* AppDelegate.swift */ = {isa = PBXFileReference; lastKnownFileType = sourcecode.swift; path = AppDelegate.swift; sourceTree = "<group>"; };
		6F31D9A820593D0A001A2DD9 /* ViewController.swift */ = {isa = PBXFileReference; lastKnownFileType = sourcecode.swift; path = ViewController.swift; sourceTree = "<group>"; };
		6F31D9AB20593D0A001A2DD9 /* Base */ = {isa = PBXFileReference; lastKnownFileType = file.storyboard; name = Base; path = Base.lproj/Main.storyboard; sourceTree = "<group>"; };
		6F31D9AD20593D0A001A2DD9 /* Assets.xcassets */ = {isa = PBXFileReference; lastKnownFileType = folder.assetcatalog; path = Assets.xcassets; sourceTree = "<group>"; };
		6F31D9B020593D0A001A2DD9 /* Base */ = {isa = PBXFileReference; lastKnownFileType = file.storyboard; name = Base; path = Base.lproj/LaunchScreen.storyboard; sourceTree = "<group>"; };
		6F31D9B220593D0A001A2DD9 /* Info.plist */ = {isa = PBXFileReference; lastKnownFileType = text.plist.xml; path = Info.plist; sourceTree = "<group>"; };
		6F31D9B720593D0A001A2DD9 /* PositionsTests.xctest */ = {isa = PBXFileReference; explicitFileType = wrapper.cfbundle; includeInIndex = 0; path = PositionsTests.xctest; sourceTree = BUILT_PRODUCTS_DIR; };
		6F31D9BB20593D0A001A2DD9 /* PositionsTests.swift */ = {isa = PBXFileReference; lastKnownFileType = sourcecode.swift; path = PositionsTests.swift; sourceTree = "<group>"; };
		6F31D9BD20593D0A001A2DD9 /* Info.plist */ = {isa = PBXFileReference; lastKnownFileType = text.plist.xml; path = Info.plist; sourceTree = "<group>"; };
		6F31D9C220593D0A001A2DD9 /* PositionsUITests.xctest */ = {isa = PBXFileReference; explicitFileType = wrapper.cfbundle; includeInIndex = 0; path = PositionsUITests.xctest; sourceTree = BUILT_PRODUCTS_DIR; };
		6F31D9C620593D0A001A2DD9 /* PositionsUITests.swift */ = {isa = PBXFileReference; lastKnownFileType = sourcecode.swift; path = PositionsUITests.swift; sourceTree = "<group>"; };
		6F31D9C820593D0A001A2DD9 /* Info.plist */ = {isa = PBXFileReference; lastKnownFileType = text.plist.xml; path = Info.plist; sourceTree = "<group>"; };
		6F49A12E206256A2009FC2BC /* PositionViewController.swift */ = {isa = PBXFileReference; lastKnownFileType = sourcecode.swift; path = PositionViewController.swift; sourceTree = "<group>"; };
		6FC955A6207DFD1400495AC4 /* PositionsTableViewController.swift */ = {isa = PBXFileReference; lastKnownFileType = sourcecode.swift; path = PositionsTableViewController.swift; sourceTree = "<group>"; };
		6FFEF89220596BEE00787AB3 /* Position.swift */ = {isa = PBXFileReference; lastKnownFileType = sourcecode.swift; path = Position.swift; sourceTree = "<group>"; };
		A29FB5040EBA1353211B1083 /* Pods-PositionsUITests.debug.xcconfig */ = {isa = PBXFileReference; includeInIndex = 1; lastKnownFileType = text.xcconfig; name = "Pods-PositionsUITests.debug.xcconfig"; path = "Pods/Target Support Files/Pods-PositionsUITests/Pods-PositionsUITests.debug.xcconfig"; sourceTree = "<group>"; };
		B86EF68BA047BAF4FFC2EDEC /* Pods-Positions.debug.xcconfig */ = {isa = PBXFileReference; includeInIndex = 1; lastKnownFileType = text.xcconfig; name = "Pods-Positions.debug.xcconfig"; path = "Pods/Target Support Files/Pods-Positions/Pods-Positions.debug.xcconfig"; sourceTree = "<group>"; };
		CEADD41703142FD13CD79898 /* Pods-PositionsTests.release.xcconfig */ = {isa = PBXFileReference; includeInIndex = 1; lastKnownFileType = text.xcconfig; name = "Pods-PositionsTests.release.xcconfig"; path = "Pods/Target Support Files/Pods-PositionsTests/Pods-PositionsTests.release.xcconfig"; sourceTree = "<group>"; };
		CFB4684D2059BC2700FA212D /* PositionViewModel.swift */ = {isa = PBXFileReference; lastKnownFileType = sourcecode.swift; path = PositionViewModel.swift; sourceTree = "<group>"; };
/* End PBXFileReference section */

/* Begin PBXFrameworksBuildPhase section */
		6F31D9A020593D0A001A2DD9 /* Frameworks */ = {
			isa = PBXFrameworksBuildPhase;
			buildActionMask = 2147483647;
			files = (
				D986A7D7F84C97D7C8DAD682 /* Pods_Positions.framework in Frameworks */,
			);
			runOnlyForDeploymentPostprocessing = 0;
		};
		6F31D9B420593D0A001A2DD9 /* Frameworks */ = {
			isa = PBXFrameworksBuildPhase;
			buildActionMask = 2147483647;
			files = (
				191A4F18A7FF4A888A5400DD /* Pods_PositionsTests.framework in Frameworks */,
			);
			runOnlyForDeploymentPostprocessing = 0;
		};
		6F31D9BF20593D0A001A2DD9 /* Frameworks */ = {
			isa = PBXFrameworksBuildPhase;
			buildActionMask = 2147483647;
			files = (
				9DA17A7B520C3C25C4AC5374 /* Pods_PositionsUITests.framework in Frameworks */,
			);
			runOnlyForDeploymentPostprocessing = 0;
		};
/* End PBXFrameworksBuildPhase section */

/* Begin PBXGroup section */
		5FC83F215818D962E6F5CC8E /* Pods */ = {
			isa = PBXGroup;
			children = (
				B86EF68BA047BAF4FFC2EDEC /* Pods-Positions.debug.xcconfig */,
				05848FD1D1C5C08DF33FE634 /* Pods-Positions.release.xcconfig */,
				445E1E86707C126B8A4E52EF /* Pods-PositionsTests.debug.xcconfig */,
				CEADD41703142FD13CD79898 /* Pods-PositionsTests.release.xcconfig */,
				A29FB5040EBA1353211B1083 /* Pods-PositionsUITests.debug.xcconfig */,
				5EF1F6F0C508C87F05CFD1C6 /* Pods-PositionsUITests.release.xcconfig */,
			);
			name = Pods;
			sourceTree = "<group>";
		};
		6F31D99A20593D0A001A2DD9 = {
			isa = PBXGroup;
			children = (
				6F31D9A520593D0A001A2DD9 /* Positions */,
				6F31D9BA20593D0A001A2DD9 /* PositionsTests */,
				6F31D9C520593D0A001A2DD9 /* PositionsUITests */,
				6F31D9A420593D0A001A2DD9 /* Products */,
				5FC83F215818D962E6F5CC8E /* Pods */,
				D6B30963FC0CD34E8CBFD607 /* Frameworks */,
			);
			sourceTree = "<group>";
		};
		6F31D9A420593D0A001A2DD9 /* Products */ = {
			isa = PBXGroup;
			children = (
				6F31D9A320593D0A001A2DD9 /* Positions.app */,
				6F31D9B720593D0A001A2DD9 /* PositionsTests.xctest */,
				6F31D9C220593D0A001A2DD9 /* PositionsUITests.xctest */,
			);
			name = Products;
			sourceTree = "<group>";
		};
		6F31D9A520593D0A001A2DD9 /* Positions */ = {
			isa = PBXGroup;
			children = (
				6F31D9A620593D0A001A2DD9 /* AppDelegate.swift */,
				6F31D9A820593D0A001A2DD9 /* ViewController.swift */,
				6F31D9AA20593D0A001A2DD9 /* Main.storyboard */,
				6F31D9AD20593D0A001A2DD9 /* Assets.xcassets */,
				6F31D9AF20593D0A001A2DD9 /* LaunchScreen.storyboard */,
				6F31D9B220593D0A001A2DD9 /* Info.plist */,
				6FFEF89220596BEE00787AB3 /* Position.swift */,
				6F49A12E206256A2009FC2BC /* PositionViewController.swift */,
				CFB4684D2059BC2700FA212D /* PositionViewModel.swift */,
				6FC955A6207DFD1400495AC4 /* PositionsTableViewController.swift */,
				6F203863207E19DE00D9D4F6 /* AppDatabase.swift */,
			);
			path = Positions;
			sourceTree = "<group>";
		};
		6F31D9BA20593D0A001A2DD9 /* PositionsTests */ = {
			isa = PBXGroup;
			children = (
				6F31D9BB20593D0A001A2DD9 /* PositionsTests.swift */,
				6F31D9BD20593D0A001A2DD9 /* Info.plist */,
			);
			path = PositionsTests;
			sourceTree = "<group>";
		};
		6F31D9C520593D0A001A2DD9 /* PositionsUITests */ = {
			isa = PBXGroup;
			children = (
				6F31D9C620593D0A001A2DD9 /* PositionsUITests.swift */,
				6F31D9C820593D0A001A2DD9 /* Info.plist */,
			);
			path = PositionsUITests;
			sourceTree = "<group>";
		};
		D6B30963FC0CD34E8CBFD607 /* Frameworks */ = {
			isa = PBXGroup;
			children = (
				62C3A107FA96F79EBD8CDD62 /* Pods_Positions.framework */,
				16FAF6C1327CEA307F1123B5 /* Pods_PositionsTests.framework */,
				5D57329D9544BBDC5813061D /* Pods_PositionsUITests.framework */,
			);
			name = Frameworks;
			sourceTree = "<group>";
		};
/* End PBXGroup section */

/* Begin PBXNativeTarget section */
		6F31D9A220593D0A001A2DD9 /* Positions */ = {
			isa = PBXNativeTarget;
			buildConfigurationList = 6F31D9CB20593D0A001A2DD9 /* Build configuration list for PBXNativeTarget "Positions" */;
			buildPhases = (
				A3799CD6E8941B6F115131B7 /* [CP] Check Pods Manifest.lock */,
				6F31D99F20593D0A001A2DD9 /* Sources */,
				6F31D9A020593D0A001A2DD9 /* Frameworks */,
				6F31D9A120593D0A001A2DD9 /* Resources */,
				7630E328F7F0F6854D97F762 /* [CP] Embed Pods Frameworks */,
				95F12835AE687D170CCF5413 /* [CP] Copy Pods Resources */,
			);
			buildRules = (
			);
			dependencies = (
			);
			name = Positions;
			productName = Positions;
			productReference = 6F31D9A320593D0A001A2DD9 /* Positions.app */;
			productType = "com.apple.product-type.application";
		};
		6F31D9B620593D0A001A2DD9 /* PositionsTests */ = {
			isa = PBXNativeTarget;
			buildConfigurationList = 6F31D9CE20593D0A001A2DD9 /* Build configuration list for PBXNativeTarget "PositionsTests" */;
			buildPhases = (
				CD8C0141FDE53A8672933516 /* [CP] Check Pods Manifest.lock */,
				6F31D9B320593D0A001A2DD9 /* Sources */,
				6F31D9B420593D0A001A2DD9 /* Frameworks */,
				6F31D9B520593D0A001A2DD9 /* Resources */,
				9CE1DF51E26C106B2828FA75 /* [CP] Embed Pods Frameworks */,
				B9B3E9550F80F95EEBCC24AB /* [CP] Copy Pods Resources */,
			);
			buildRules = (
			);
			dependencies = (
				6F31D9B920593D0A001A2DD9 /* PBXTargetDependency */,
			);
			name = PositionsTests;
			productName = PositionsTests;
			productReference = 6F31D9B720593D0A001A2DD9 /* PositionsTests.xctest */;
			productType = "com.apple.product-type.bundle.unit-test";
		};
		6F31D9C120593D0A001A2DD9 /* PositionsUITests */ = {
			isa = PBXNativeTarget;
			buildConfigurationList = 6F31D9D120593D0A001A2DD9 /* Build configuration list for PBXNativeTarget "PositionsUITests" */;
			buildPhases = (
				76D6AC800F6D60E8B08782AD /* [CP] Check Pods Manifest.lock */,
				6F31D9BE20593D0A001A2DD9 /* Sources */,
				6F31D9BF20593D0A001A2DD9 /* Frameworks */,
				6F31D9C020593D0A001A2DD9 /* Resources */,
				923DA1B5950D6C9323E4068A /* [CP] Embed Pods Frameworks */,
				34B0FB75A7BA3719203E789C /* [CP] Copy Pods Resources */,
			);
			buildRules = (
			);
			dependencies = (
				6F31D9C420593D0A001A2DD9 /* PBXTargetDependency */,
			);
			name = PositionsUITests;
			productName = PositionsUITests;
			productReference = 6F31D9C220593D0A001A2DD9 /* PositionsUITests.xctest */;
			productType = "com.apple.product-type.bundle.ui-testing";
		};
/* End PBXNativeTarget section */

/* Begin PBXProject section */
		6F31D99B20593D0A001A2DD9 /* Project object */ = {
			isa = PBXProject;
			attributes = {
				LastSwiftUpdateCheck = 0920;
				LastUpgradeCheck = 0930;
				ORGANIZATIONNAME = "Conifer Productions Oy";
				TargetAttributes = {
					6F31D9A220593D0A001A2DD9 = {
						CreatedOnToolsVersion = 9.2;
						ProvisioningStyle = Automatic;
					};
					6F31D9B620593D0A001A2DD9 = {
						CreatedOnToolsVersion = 9.2;
						LastSwiftMigration = 1000;
						ProvisioningStyle = Automatic;
						TestTargetID = 6F31D9A220593D0A001A2DD9;
					};
					6F31D9C120593D0A001A2DD9 = {
						CreatedOnToolsVersion = 9.2;
						LastSwiftMigration = 1000;
						ProvisioningStyle = Automatic;
						TestTargetID = 6F31D9A220593D0A001A2DD9;
					};
				};
			};
			buildConfigurationList = 6F31D99E20593D0A001A2DD9 /* Build configuration list for PBXProject "Positions" */;
			compatibilityVersion = "Xcode 8.0";
			developmentRegion = en;
			hasScannedForEncodings = 0;
			knownRegions = (
				en,
				Base,
			);
			mainGroup = 6F31D99A20593D0A001A2DD9;
			productRefGroup = 6F31D9A420593D0A001A2DD9 /* Products */;
			projectDirPath = "";
			projectRoot = "";
			targets = (
				6F31D9A220593D0A001A2DD9 /* Positions */,
				6F31D9B620593D0A001A2DD9 /* PositionsTests */,
				6F31D9C120593D0A001A2DD9 /* PositionsUITests */,
			);
		};
/* End PBXProject section */

/* Begin PBXResourcesBuildPhase section */
		6F31D9A120593D0A001A2DD9 /* Resources */ = {
			isa = PBXResourcesBuildPhase;
			buildActionMask = 2147483647;
			files = (
				6F31D9B120593D0A001A2DD9 /* LaunchScreen.storyboard in Resources */,
				6F31D9AE20593D0A001A2DD9 /* Assets.xcassets in Resources */,
				6F31D9AC20593D0A001A2DD9 /* Main.storyboard in Resources */,
			);
			runOnlyForDeploymentPostprocessing = 0;
		};
		6F31D9B520593D0A001A2DD9 /* Resources */ = {
			isa = PBXResourcesBuildPhase;
			buildActionMask = 2147483647;
			files = (
			);
			runOnlyForDeploymentPostprocessing = 0;
		};
		6F31D9C020593D0A001A2DD9 /* Resources */ = {
			isa = PBXResourcesBuildPhase;
			buildActionMask = 2147483647;
			files = (
			);
			runOnlyForDeploymentPostprocessing = 0;
		};
/* End PBXResourcesBuildPhase section */

/* Begin PBXShellScriptBuildPhase section */
		34B0FB75A7BA3719203E789C /* [CP] Copy Pods Resources */ = {
			isa = PBXShellScriptBuildPhase;
			buildActionMask = 2147483647;
			files = (
			);
			inputPaths = (
			);
			name = "[CP] Copy Pods Resources";
			outputPaths = (
			);
			runOnlyForDeploymentPostprocessing = 0;
			shellPath = /bin/sh;
			shellScript = "\"${SRCROOT}/Pods/Target Support Files/Pods-PositionsUITests/Pods-PositionsUITests-resources.sh\"\n";
			showEnvVarsInLog = 0;
		};
		7630E328F7F0F6854D97F762 /* [CP] Embed Pods Frameworks */ = {
			isa = PBXShellScriptBuildPhase;
			buildActionMask = 2147483647;
			files = (
			);
			inputPaths = (
				"${SRCROOT}/Pods/Target Support Files/Pods-Positions/Pods-Positions-frameworks.sh",
				"${BUILT_PRODUCTS_DIR}/DateToolsSwift/DateToolsSwift.framework",
				"${BUILT_PRODUCTS_DIR}/Eureka/Eureka.framework",
				"${BUILT_PRODUCTS_DIR}/GRDB.swift/GRDB.framework",
				"${BUILT_PRODUCTS_DIR}/LCDView/LCDView.framework",
				"${BUILT_PRODUCTS_DIR}/ObjcExceptionBridging/ObjcExceptionBridging.framework",
				"${BUILT_PRODUCTS_DIR}/XCGLogger/XCGLogger.framework",
			);
			name = "[CP] Embed Pods Frameworks";
			outputPaths = (
				"${TARGET_BUILD_DIR}/${FRAMEWORKS_FOLDER_PATH}/DateToolsSwift.framework",
				"${TARGET_BUILD_DIR}/${FRAMEWORKS_FOLDER_PATH}/Eureka.framework",
				"${TARGET_BUILD_DIR}/${FRAMEWORKS_FOLDER_PATH}/GRDB.framework",
				"${TARGET_BUILD_DIR}/${FRAMEWORKS_FOLDER_PATH}/LCDView.framework",
				"${TARGET_BUILD_DIR}/${FRAMEWORKS_FOLDER_PATH}/ObjcExceptionBridging.framework",
				"${TARGET_BUILD_DIR}/${FRAMEWORKS_FOLDER_PATH}/XCGLogger.framework",
			);
			runOnlyForDeploymentPostprocessing = 0;
			shellPath = /bin/sh;
			shellScript = "\"${SRCROOT}/Pods/Target Support Files/Pods-Positions/Pods-Positions-frameworks.sh\"\n";
			showEnvVarsInLog = 0;
		};
		76D6AC800F6D60E8B08782AD /* [CP] Check Pods Manifest.lock */ = {
			isa = PBXShellScriptBuildPhase;
			buildActionMask = 2147483647;
			files = (
			);
			inputPaths = (
				"${PODS_PODFILE_DIR_PATH}/Podfile.lock",
				"${PODS_ROOT}/Manifest.lock",
			);
			name = "[CP] Check Pods Manifest.lock";
			outputPaths = (
				"$(DERIVED_FILE_DIR)/Pods-PositionsUITests-checkManifestLockResult.txt",
			);
			runOnlyForDeploymentPostprocessing = 0;
			shellPath = /bin/sh;
			shellScript = "diff \"${PODS_PODFILE_DIR_PATH}/Podfile.lock\" \"${PODS_ROOT}/Manifest.lock\" > /dev/null\nif [ $? != 0 ] ; then\n    # print error to STDERR\n    echo \"error: The sandbox is not in sync with the Podfile.lock. Run 'pod install' or update your CocoaPods installation.\" >&2\n    exit 1\nfi\n# This output is used by Xcode 'outputs' to avoid re-running this script phase.\necho \"SUCCESS\" > \"${SCRIPT_OUTPUT_FILE_0}\"\n";
			showEnvVarsInLog = 0;
		};
		923DA1B5950D6C9323E4068A /* [CP] Embed Pods Frameworks */ = {
			isa = PBXShellScriptBuildPhase;
			buildActionMask = 2147483647;
			files = (
			);
			inputPaths = (
			);
			name = "[CP] Embed Pods Frameworks";
			outputPaths = (
			);
			runOnlyForDeploymentPostprocessing = 0;
			shellPath = /bin/sh;
			shellScript = "\"${SRCROOT}/Pods/Target Support Files/Pods-PositionsUITests/Pods-PositionsUITests-frameworks.sh\"\n";
			showEnvVarsInLog = 0;
		};
		95F12835AE687D170CCF5413 /* [CP] Copy Pods Resources */ = {
			isa = PBXShellScriptBuildPhase;
			buildActionMask = 2147483647;
			files = (
			);
			inputPaths = (
			);
			name = "[CP] Copy Pods Resources";
			outputPaths = (
			);
			runOnlyForDeploymentPostprocessing = 0;
			shellPath = /bin/sh;
			shellScript = "\"${SRCROOT}/Pods/Target Support Files/Pods-Positions/Pods-Positions-resources.sh\"\n";
			showEnvVarsInLog = 0;
		};
		9CE1DF51E26C106B2828FA75 /* [CP] Embed Pods Frameworks */ = {
			isa = PBXShellScriptBuildPhase;
			buildActionMask = 2147483647;
			files = (
			);
			inputPaths = (
			);
			name = "[CP] Embed Pods Frameworks";
			outputPaths = (
			);
			runOnlyForDeploymentPostprocessing = 0;
			shellPath = /bin/sh;
			shellScript = "\"${SRCROOT}/Pods/Target Support Files/Pods-PositionsTests/Pods-PositionsTests-frameworks.sh\"\n";
			showEnvVarsInLog = 0;
		};
		A3799CD6E8941B6F115131B7 /* [CP] Check Pods Manifest.lock */ = {
			isa = PBXShellScriptBuildPhase;
			buildActionMask = 2147483647;
			files = (
			);
			inputPaths = (
				"${PODS_PODFILE_DIR_PATH}/Podfile.lock",
				"${PODS_ROOT}/Manifest.lock",
			);
			name = "[CP] Check Pods Manifest.lock";
			outputPaths = (
				"$(DERIVED_FILE_DIR)/Pods-Positions-checkManifestLockResult.txt",
			);
			runOnlyForDeploymentPostprocessing = 0;
			shellPath = /bin/sh;
			shellScript = "diff \"${PODS_PODFILE_DIR_PATH}/Podfile.lock\" \"${PODS_ROOT}/Manifest.lock\" > /dev/null\nif [ $? != 0 ] ; then\n    # print error to STDERR\n    echo \"error: The sandbox is not in sync with the Podfile.lock. Run 'pod install' or update your CocoaPods installation.\" >&2\n    exit 1\nfi\n# This output is used by Xcode 'outputs' to avoid re-running this script phase.\necho \"SUCCESS\" > \"${SCRIPT_OUTPUT_FILE_0}\"\n";
			showEnvVarsInLog = 0;
		};
		B9B3E9550F80F95EEBCC24AB /* [CP] Copy Pods Resources */ = {
			isa = PBXShellScriptBuildPhase;
			buildActionMask = 2147483647;
			files = (
			);
			inputPaths = (
			);
			name = "[CP] Copy Pods Resources";
			outputPaths = (
			);
			runOnlyForDeploymentPostprocessing = 0;
			shellPath = /bin/sh;
			shellScript = "\"${SRCROOT}/Pods/Target Support Files/Pods-PositionsTests/Pods-PositionsTests-resources.sh\"\n";
			showEnvVarsInLog = 0;
		};
		CD8C0141FDE53A8672933516 /* [CP] Check Pods Manifest.lock */ = {
			isa = PBXShellScriptBuildPhase;
			buildActionMask = 2147483647;
			files = (
			);
			inputPaths = (
				"${PODS_PODFILE_DIR_PATH}/Podfile.lock",
				"${PODS_ROOT}/Manifest.lock",
			);
			name = "[CP] Check Pods Manifest.lock";
			outputPaths = (
				"$(DERIVED_FILE_DIR)/Pods-PositionsTests-checkManifestLockResult.txt",
			);
			runOnlyForDeploymentPostprocessing = 0;
			shellPath = /bin/sh;
			shellScript = "diff \"${PODS_PODFILE_DIR_PATH}/Podfile.lock\" \"${PODS_ROOT}/Manifest.lock\" > /dev/null\nif [ $? != 0 ] ; then\n    # print error to STDERR\n    echo \"error: The sandbox is not in sync with the Podfile.lock. Run 'pod install' or update your CocoaPods installation.\" >&2\n    exit 1\nfi\n# This output is used by Xcode 'outputs' to avoid re-running this script phase.\necho \"SUCCESS\" > \"${SCRIPT_OUTPUT_FILE_0}\"\n";
			showEnvVarsInLog = 0;
		};
/* End PBXShellScriptBuildPhase section */

/* Begin PBXSourcesBuildPhase section */
		6F31D99F20593D0A001A2DD9 /* Sources */ = {
			isa = PBXSourcesBuildPhase;
			buildActionMask = 2147483647;
			files = (
				6FC955A7207DFD1400495AC4 /* PositionsTableViewController.swift in Sources */,
				6F31D9A920593D0A001A2DD9 /* ViewController.swift in Sources */,
				6F31D9A720593D0A001A2DD9 /* AppDelegate.swift in Sources */,
				6F203864207E19DE00D9D4F6 /* AppDatabase.swift in Sources */,
				6FFEF89320596BEE00787AB3 /* Position.swift in Sources */,
				6F49A12F206256A2009FC2BC /* PositionViewController.swift in Sources */,
				CFB4684E2059BC2700FA212D /* PositionViewModel.swift in Sources */,
			);
			runOnlyForDeploymentPostprocessing = 0;
		};
		6F31D9B320593D0A001A2DD9 /* Sources */ = {
			isa = PBXSourcesBuildPhase;
			buildActionMask = 2147483647;
			files = (
				6F31D9BC20593D0A001A2DD9 /* PositionsTests.swift in Sources */,
			);
			runOnlyForDeploymentPostprocessing = 0;
		};
		6F31D9BE20593D0A001A2DD9 /* Sources */ = {
			isa = PBXSourcesBuildPhase;
			buildActionMask = 2147483647;
			files = (
				6F31D9C720593D0A001A2DD9 /* PositionsUITests.swift in Sources */,
			);
			runOnlyForDeploymentPostprocessing = 0;
		};
/* End PBXSourcesBuildPhase section */

/* Begin PBXTargetDependency section */
		6F31D9B920593D0A001A2DD9 /* PBXTargetDependency */ = {
			isa = PBXTargetDependency;
			target = 6F31D9A220593D0A001A2DD9 /* Positions */;
			targetProxy = 6F31D9B820593D0A001A2DD9 /* PBXContainerItemProxy */;
		};
		6F31D9C420593D0A001A2DD9 /* PBXTargetDependency */ = {
			isa = PBXTargetDependency;
			target = 6F31D9A220593D0A001A2DD9 /* Positions */;
			targetProxy = 6F31D9C320593D0A001A2DD9 /* PBXContainerItemProxy */;
		};
/* End PBXTargetDependency section */

/* Begin PBXVariantGroup section */
		6F31D9AA20593D0A001A2DD9 /* Main.storyboard */ = {
			isa = PBXVariantGroup;
			children = (
				6F31D9AB20593D0A001A2DD9 /* Base */,
			);
			name = Main.storyboard;
			sourceTree = "<group>";
		};
		6F31D9AF20593D0A001A2DD9 /* LaunchScreen.storyboard */ = {
			isa = PBXVariantGroup;
			children = (
				6F31D9B020593D0A001A2DD9 /* Base */,
			);
			name = LaunchScreen.storyboard;
			sourceTree = "<group>";
		};
/* End PBXVariantGroup section */

/* Begin XCBuildConfiguration section */
		6F31D9C920593D0A001A2DD9 /* Debug */ = {
			isa = XCBuildConfiguration;
			buildSettings = {
				ALWAYS_SEARCH_USER_PATHS = NO;
				CLANG_ANALYZER_NONNULL = YES;
				CLANG_ANALYZER_NUMBER_OBJECT_CONVERSION = YES_AGGRESSIVE;
				CLANG_CXX_LANGUAGE_STANDARD = "gnu++14";
				CLANG_CXX_LIBRARY = "libc++";
				CLANG_ENABLE_MODULES = YES;
				CLANG_ENABLE_OBJC_ARC = YES;
				CLANG_WARN_BLOCK_CAPTURE_AUTORELEASING = YES;
				CLANG_WARN_BOOL_CONVERSION = YES;
				CLANG_WARN_COMMA = YES;
				CLANG_WARN_CONSTANT_CONVERSION = YES;
				CLANG_WARN_DEPRECATED_OBJC_IMPLEMENTATIONS = YES;
				CLANG_WARN_DIRECT_OBJC_ISA_USAGE = YES_ERROR;
				CLANG_WARN_DOCUMENTATION_COMMENTS = YES;
				CLANG_WARN_EMPTY_BODY = YES;
				CLANG_WARN_ENUM_CONVERSION = YES;
				CLANG_WARN_INFINITE_RECURSION = YES;
				CLANG_WARN_INT_CONVERSION = YES;
				CLANG_WARN_NON_LITERAL_NULL_CONVERSION = YES;
				CLANG_WARN_OBJC_IMPLICIT_RETAIN_SELF = YES;
				CLANG_WARN_OBJC_LITERAL_CONVERSION = YES;
				CLANG_WARN_OBJC_ROOT_CLASS = YES_ERROR;
				CLANG_WARN_RANGE_LOOP_ANALYSIS = YES;
				CLANG_WARN_STRICT_PROTOTYPES = YES;
				CLANG_WARN_SUSPICIOUS_MOVE = YES;
				CLANG_WARN_UNGUARDED_AVAILABILITY = YES_AGGRESSIVE;
				CLANG_WARN_UNREACHABLE_CODE = YES;
				CLANG_WARN__DUPLICATE_METHOD_MATCH = YES;
				CODE_SIGN_IDENTITY = "iPhone Developer";
				COPY_PHASE_STRIP = NO;
				DEBUG_INFORMATION_FORMAT = dwarf;
				ENABLE_STRICT_OBJC_MSGSEND = YES;
				ENABLE_TESTABILITY = YES;
				GCC_C_LANGUAGE_STANDARD = gnu11;
				GCC_DYNAMIC_NO_PIC = NO;
				GCC_NO_COMMON_BLOCKS = YES;
				GCC_OPTIMIZATION_LEVEL = 0;
				GCC_PREPROCESSOR_DEFINITIONS = (
					"DEBUG=1",
					"$(inherited)",
				);
				GCC_WARN_64_TO_32_BIT_CONVERSION = YES;
				GCC_WARN_ABOUT_RETURN_TYPE = YES_ERROR;
				GCC_WARN_UNDECLARED_SELECTOR = YES;
				GCC_WARN_UNINITIALIZED_AUTOS = YES_AGGRESSIVE;
				GCC_WARN_UNUSED_FUNCTION = YES;
				GCC_WARN_UNUSED_VARIABLE = YES;
				IPHONEOS_DEPLOYMENT_TARGET = 10.3;
				MTL_ENABLE_DEBUG_INFO = YES;
				ONLY_ACTIVE_ARCH = YES;
				SDKROOT = iphoneos;
				SWIFT_ACTIVE_COMPILATION_CONDITIONS = DEBUG;
				SWIFT_OPTIMIZATION_LEVEL = "-Onone";
			};
			name = Debug;
		};
		6F31D9CA20593D0A001A2DD9 /* Release */ = {
			isa = XCBuildConfiguration;
			buildSettings = {
				ALWAYS_SEARCH_USER_PATHS = NO;
				CLANG_ANALYZER_NONNULL = YES;
				CLANG_ANALYZER_NUMBER_OBJECT_CONVERSION = YES_AGGRESSIVE;
				CLANG_CXX_LANGUAGE_STANDARD = "gnu++14";
				CLANG_CXX_LIBRARY = "libc++";
				CLANG_ENABLE_MODULES = YES;
				CLANG_ENABLE_OBJC_ARC = YES;
				CLANG_WARN_BLOCK_CAPTURE_AUTORELEASING = YES;
				CLANG_WARN_BOOL_CONVERSION = YES;
				CLANG_WARN_COMMA = YES;
				CLANG_WARN_CONSTANT_CONVERSION = YES;
				CLANG_WARN_DEPRECATED_OBJC_IMPLEMENTATIONS = YES;
				CLANG_WARN_DIRECT_OBJC_ISA_USAGE = YES_ERROR;
				CLANG_WARN_DOCUMENTATION_COMMENTS = YES;
				CLANG_WARN_EMPTY_BODY = YES;
				CLANG_WARN_ENUM_CONVERSION = YES;
				CLANG_WARN_INFINITE_RECURSION = YES;
				CLANG_WARN_INT_CONVERSION = YES;
				CLANG_WARN_NON_LITERAL_NULL_CONVERSION = YES;
				CLANG_WARN_OBJC_IMPLICIT_RETAIN_SELF = YES;
				CLANG_WARN_OBJC_LITERAL_CONVERSION = YES;
				CLANG_WARN_OBJC_ROOT_CLASS = YES_ERROR;
				CLANG_WARN_RANGE_LOOP_ANALYSIS = YES;
				CLANG_WARN_STRICT_PROTOTYPES = YES;
				CLANG_WARN_SUSPICIOUS_MOVE = YES;
				CLANG_WARN_UNGUARDED_AVAILABILITY = YES_AGGRESSIVE;
				CLANG_WARN_UNREACHABLE_CODE = YES;
				CLANG_WARN__DUPLICATE_METHOD_MATCH = YES;
				CODE_SIGN_IDENTITY = "iPhone Developer";
				COPY_PHASE_STRIP = NO;
				DEBUG_INFORMATION_FORMAT = "dwarf-with-dsym";
				ENABLE_NS_ASSERTIONS = NO;
				ENABLE_STRICT_OBJC_MSGSEND = YES;
				GCC_C_LANGUAGE_STANDARD = gnu11;
				GCC_NO_COMMON_BLOCKS = YES;
				GCC_WARN_64_TO_32_BIT_CONVERSION = YES;
				GCC_WARN_ABOUT_RETURN_TYPE = YES_ERROR;
				GCC_WARN_UNDECLARED_SELECTOR = YES;
				GCC_WARN_UNINITIALIZED_AUTOS = YES_AGGRESSIVE;
				GCC_WARN_UNUSED_FUNCTION = YES;
				GCC_WARN_UNUSED_VARIABLE = YES;
				IPHONEOS_DEPLOYMENT_TARGET = 10.3;
				MTL_ENABLE_DEBUG_INFO = NO;
				SDKROOT = iphoneos;
				SWIFT_OPTIMIZATION_LEVEL = "-Owholemodule";
				VALIDATE_PRODUCT = YES;
			};
			name = Release;
		};
		6F31D9CC20593D0A001A2DD9 /* Debug */ = {
			isa = XCBuildConfiguration;
			baseConfigurationReference = B86EF68BA047BAF4FFC2EDEC /* Pods-Positions.debug.xcconfig */;
			buildSettings = {
				ASSETCATALOG_COMPILER_APPICON_NAME = AppIcon;
				CODE_SIGN_STYLE = Automatic;
				DEVELOPMENT_TEAM = F4WY84DJNW;
				INFOPLIST_FILE = Positions/Info.plist;
				LD_RUNPATH_SEARCH_PATHS = "$(inherited) @executable_path/Frameworks";
				PRODUCT_BUNDLE_IDENTIFIER = com.coniferproductions.Positions;
				PRODUCT_NAME = "$(TARGET_NAME)";
				SWIFT_VERSION = 4.2;
				TARGETED_DEVICE_FAMILY = "1,2";
			};
			name = Debug;
		};
		6F31D9CD20593D0A001A2DD9 /* Release */ = {
			isa = XCBuildConfiguration;
			baseConfigurationReference = 05848FD1D1C5C08DF33FE634 /* Pods-Positions.release.xcconfig */;
			buildSettings = {
				ASSETCATALOG_COMPILER_APPICON_NAME = AppIcon;
				CODE_SIGN_STYLE = Automatic;
				DEVELOPMENT_TEAM = F4WY84DJNW;
				INFOPLIST_FILE = Positions/Info.plist;
				LD_RUNPATH_SEARCH_PATHS = "$(inherited) @executable_path/Frameworks";
				PRODUCT_BUNDLE_IDENTIFIER = com.coniferproductions.Positions;
				PRODUCT_NAME = "$(TARGET_NAME)";
				SWIFT_VERSION = 4.2;
				TARGETED_DEVICE_FAMILY = "1,2";
			};
			name = Release;
		};
		6F31D9CF20593D0A001A2DD9 /* Debug */ = {
			isa = XCBuildConfiguration;
			baseConfigurationReference = 445E1E86707C126B8A4E52EF /* Pods-PositionsTests.debug.xcconfig */;
			buildSettings = {
				ALWAYS_EMBED_SWIFT_STANDARD_LIBRARIES = YES;
				BUNDLE_LOADER = "$(TEST_HOST)";
				CODE_SIGN_STYLE = Automatic;
				DEVELOPMENT_TEAM = K68V37F7XU;
				INFOPLIST_FILE = PositionsTests/Info.plist;
				LD_RUNPATH_SEARCH_PATHS = "$(inherited) @executable_path/Frameworks @loader_path/Frameworks";
				PRODUCT_BUNDLE_IDENTIFIER = com.coniferproductions.PositionsTests;
				PRODUCT_NAME = "$(TARGET_NAME)";
				SWIFT_VERSION = 4.2;
				TARGETED_DEVICE_FAMILY = "1,2";
				TEST_HOST = "$(BUILT_PRODUCTS_DIR)/Positions.app/Positions";
			};
			name = Debug;
		};
		6F31D9D020593D0A001A2DD9 /* Release */ = {
			isa = XCBuildConfiguration;
			baseConfigurationReference = CEADD41703142FD13CD79898 /* Pods-PositionsTests.release.xcconfig */;
			buildSettings = {
				ALWAYS_EMBED_SWIFT_STANDARD_LIBRARIES = YES;
				BUNDLE_LOADER = "$(TEST_HOST)";
				CODE_SIGN_STYLE = Automatic;
				DEVELOPMENT_TEAM = K68V37F7XU;
				INFOPLIST_FILE = PositionsTests/Info.plist;
				LD_RUNPATH_SEARCH_PATHS = "$(inherited) @executable_path/Frameworks @loader_path/Frameworks";
				PRODUCT_BUNDLE_IDENTIFIER = com.coniferproductions.PositionsTests;
				PRODUCT_NAME = "$(TARGET_NAME)";
				SWIFT_VERSION = 4.2;
				TARGETED_DEVICE_FAMILY = "1,2";
				TEST_HOST = "$(BUILT_PRODUCTS_DIR)/Positions.app/Positions";
			};
			name = Release;
		};
		6F31D9D220593D0A001A2DD9 /* Debug */ = {
			isa = XCBuildConfiguration;
			baseConfigurationReference = A29FB5040EBA1353211B1083 /* Pods-PositionsUITests.debug.xcconfig */;
			buildSettings = {
				ALWAYS_EMBED_SWIFT_STANDARD_LIBRARIES = YES;
				CODE_SIGN_STYLE = Automatic;
				DEVELOPMENT_TEAM = K68V37F7XU;
				INFOPLIST_FILE = PositionsUITests/Info.plist;
				LD_RUNPATH_SEARCH_PATHS = "$(inherited) @executable_path/Frameworks @loader_path/Frameworks";
				PRODUCT_BUNDLE_IDENTIFIER = com.coniferproductions.PositionsUITests;
				PRODUCT_NAME = "$(TARGET_NAME)";
				SWIFT_VERSION = 4.2;
				TARGETED_DEVICE_FAMILY = "1,2";
				TEST_TARGET_NAME = Positions;
			};
			name = Debug;
		};
		6F31D9D320593D0A001A2DD9 /* Release */ = {
			isa = XCBuildConfiguration;
			baseConfigurationReference = 5EF1F6F0C508C87F05CFD1C6 /* Pods-PositionsUITests.release.xcconfig */;
			buildSettings = {
				ALWAYS_EMBED_SWIFT_STANDARD_LIBRARIES = YES;
				CODE_SIGN_STYLE = Automatic;
				DEVELOPMENT_TEAM = K68V37F7XU;
				INFOPLIST_FILE = PositionsUITests/Info.plist;
				LD_RUNPATH_SEARCH_PATHS = "$(inherited) @executable_path/Frameworks @loader_path/Frameworks";
				PRODUCT_BUNDLE_IDENTIFIER = com.coniferproductions.PositionsUITests;
				PRODUCT_NAME = "$(TARGET_NAME)";
				SWIFT_VERSION = 4.2;
				TARGETED_DEVICE_FAMILY = "1,2";
				TEST_TARGET_NAME = Positions;
			};
			name = Release;
		};
/* End XCBuildConfiguration section */

/* Begin XCConfigurationList section */
		6F31D99E20593D0A001A2DD9 /* Build configuration list for PBXProject "Positions" */ = {
			isa = XCConfigurationList;
			buildConfigurations = (
				6F31D9C920593D0A001A2DD9 /* Debug */,
				6F31D9CA20593D0A001A2DD9 /* Release */,
			);
			defaultConfigurationIsVisible = 0;
			defaultConfigurationName = Release;
		};
		6F31D9CB20593D0A001A2DD9 /* Build configuration list for PBXNativeTarget "Positions" */ = {
			isa = XCConfigurationList;
			buildConfigurations = (
				6F31D9CC20593D0A001A2DD9 /* Debug */,
				6F31D9CD20593D0A001A2DD9 /* Release */,
			);
			defaultConfigurationIsVisible = 0;
			defaultConfigurationName = Release;
		};
		6F31D9CE20593D0A001A2DD9 /* Build configuration list for PBXNativeTarget "PositionsTests" */ = {
			isa = XCConfigurationList;
			buildConfigurations = (
				6F31D9CF20593D0A001A2DD9 /* Debug */,
				6F31D9D020593D0A001A2DD9 /* Release */,
			);
			defaultConfigurationIsVisible = 0;
			defaultConfigurationName = Release;
		};
		6F31D9D120593D0A001A2DD9 /* Build configuration list for PBXNativeTarget "PositionsUITests" */ = {
			isa = XCConfigurationList;
			buildConfigurations = (
				6F31D9D220593D0A001A2DD9 /* Debug */,
				6F31D9D320593D0A001A2DD9 /* Release */,
			);
			defaultConfigurationIsVisible = 0;
			defaultConfigurationName = Release;
		};
/* End XCConfigurationList section */
	};
	rootObject = 6F31D99B20593D0A001A2DD9 /* Project object */;
}
