PODS:
  - DateToolsSwift (4.0.0)
  - Eureka (4.3.0)
  - GRDB.swift (3.3.1)
  - LCDView (0.0.5)
  - ObjcExceptionBridging (1.0.1):
    - ObjcExceptionBridging/ObjcExceptionBridging (= 1.0.1)
  - ObjcExceptionBridging/ObjcExceptionBridging (1.0.1)
  - XCGLogger (6.1.0):
    - XCGLogger/Core (= 6.1.0)
  - XCGLogger/Core (6.1.0):
    - ObjcExceptionBridging

DEPENDENCIES:
  - DateToolsSwift
  - Eureka
  - GRDB.swift
  - LCDView (from `https://github.com/coniferprod/LCDView.git`)
  - XCGLogger

EXTERNAL SOURCES:
  LCDView:
    :git: https://github.com/coniferprod/LCDView.git

CHECKOUT OPTIONS:
  LCDView:
    :commit: b55ef2fd72fd5bc018ee0dee581072dd5c58f0c1
    :git: https://github.com/coniferprod/LCDView.git

SPEC CHECKSUMS:
  DateToolsSwift: 875d97ff9e3a5d54abdd67a269b3f51c757b71ab
  Eureka: 6d711cb30ca333b4bc893110285a722ae3840114
  GRDB.swift: d7ec5d5cc95df7f08c655e5a6500b54f4b092e89
  LCDView: ccb3c1c8ccc45c0cbce0111bebe778da305ee719
  ObjcExceptionBridging: c30e00eb3700467e695faeea30e26e18bd445001
  XCGLogger: 7f7f43f15dfe3a305fa1342b7dc29af656289abd

PODFILE CHECKSUM: d71c8764cde8876b599b9a2ba52ccb13801ca6e2

COCOAPODS: 1.4.0
